
Microsoft Visual Studio Solution File, Format Version 12.00
# Visual Studio Version 17
VisualStudioVersion = 17.3.32714.290
MinimumVisualStudioVersion = 10.0.40219.1
Project("{FAE04EC0-301F-11D3-BF4B-00C04F79EFBC}") = "ContactManagerAspRestfulMvc", "ContactManagerAspRestfulMvc.csproj", "{AA7DD32A-65CD-4A98-A35F-57FBA06180BC}"
EndProject
Global
	GlobalSection(SolutionConfigurationPlatforms) = preSolution
		Debug|Any CPU = Debug|Any CPU
		Release|Any CPU = Release|Any CPU
	EndGlobalSection
	GlobalSection(ProjectConfigurationPlatforms) = postSolution
		{AA7DD32A-65CD-4A98-A35F-57FBA06180BC}.Debug|Any CPU.ActiveCfg = Debug|Any CPU
		{AA7DD32A-65CD-4A98-A35F-57FBA06180BC}.Debug|Any CPU.Build.0 = Debug|Any CPU
		{AA7DD32A-65CD-4A98-A35F-57FBA06180BC}.Release|Any CPU.ActiveCfg = Release|Any CPU
		{AA7DD32A-65CD-4A98-A35F-57FBA06180BC}.Release|Any CPU.Build.0 = Release|Any CPU
	EndGlobalSection
	GlobalSection(SolutionProperties) = preSolution
		HideSolutionNode = FALSE
	EndGlobalSection
	GlobalSection(ExtensibilityGlobals) = postSolution
		SolutionGuid = {69F7CA85-8272-4C27-987F-4D7D4A09ED3C}
	EndGlobalSection
EndGlobal
